// !$*UTF8*$!
{
	archiveVersion = 1;
	classes = {
	};
	objectVersion = 56;
	objects = {

/* Begin PBXBuildFile section */
		E310A14A2BA9C36A00BF87E9 /* HostelBuddyUserApp.swift in Sources */ = {isa = PBXBuildFile; fileRef = E310A1492BA9C36A00BF87E9 /* HostelBuddyUserApp.swift */; };
		E310A14C2BA9C36A00BF87E9 /* ContentView.swift in Sources */ = {isa = PBXBuildFile; fileRef = E310A14B2BA9C36A00BF87E9 /* ContentView.swift */; };
		E310A14E2BA9C36C00BF87E9 /* Assets.xcassets in Resources */ = {isa = PBXBuildFile; fileRef = E310A14D2BA9C36C00BF87E9 /* Assets.xcassets */; };
		E310A1512BA9C36C00BF87E9 /* Preview Assets.xcassets in Resources */ = {isa = PBXBuildFile; fileRef = E310A1502BA9C36C00BF87E9 /* Preview Assets.xcassets */; };
		E310A1582BA9C7D500BF87E9 /* ComplainView.swift in Sources */ = {isa = PBXBuildFile; fileRef = E310A1572BA9C7D500BF87E9 /* ComplainView.swift */; };
		E310A15A2BA9C7F900BF87E9 /* HarassmentView.swift in Sources */ = {isa = PBXBuildFile; fileRef = E310A1592BA9C7F900BF87E9 /* HarassmentView.swift */; };
		E310A15C2BA9C81700BF87E9 /* RoomCleaningView.swift in Sources */ = {isa = PBXBuildFile; fileRef = E310A15B2BA9C81700BF87E9 /* RoomCleaningView.swift */; };
		E310A15E2BAA047E00BF87E9 /* MessIssueView.swift in Sources */ = {isa = PBXBuildFile; fileRef = E310A15D2BAA047E00BF87E9 /* MessIssueView.swift */; };
		E310A1602BAAA29900BF87E9 /* OTPEnterView.swift in Sources */ = {isa = PBXBuildFile; fileRef = E310A15F2BAAA29900BF87E9 /* OTPEnterView.swift */; };
		E310A16F2BAABAE400BF87E9 /* RoomCleaningViewModel.swift in Sources */ = {isa = PBXBuildFile; fileRef = E310A16E2BAABAE400BF87E9 /* RoomCleaningViewModel.swift */; };
/* End PBXBuildFile section */

/* Begin PBXFileReference section */
		E310A1462BA9C36A00BF87E9 /* HostelBuddyUser.app */ = {isa = PBXFileReference; explicitFileType = wrapper.application; includeInIndex = 0; path = HostelBuddyUser.app; sourceTree = BUILT_PRODUCTS_DIR; };
		E310A1492BA9C36A00BF87E9 /* HostelBuddyUserApp.swift */ = {isa = PBXFileReference; lastKnownFileType = sourcecode.swift; path = HostelBuddyUserApp.swift; sourceTree = "<group>"; };
		E310A14B2BA9C36A00BF87E9 /* ContentView.swift */ = {isa = PBXFileReference; lastKnownFileType = sourcecode.swift; path = ContentView.swift; sourceTree = "<group>"; };
		E310A14D2BA9C36C00BF87E9 /* Assets.xcassets */ = {isa = PBXFileReference; lastKnownFileType = folder.assetcatalog; path = Assets.xcassets; sourceTree = "<group>"; };
		E310A1502BA9C36C00BF87E9 /* Preview Assets.xcassets */ = {isa = PBXFileReference; lastKnownFileType = folder.assetcatalog; path = "Preview Assets.xcassets"; sourceTree = "<group>"; };
		E310A1572BA9C7D500BF87E9 /* ComplainView.swift */ = {isa = PBXFileReference; lastKnownFileType = sourcecode.swift; path = ComplainView.swift; sourceTree = "<group>"; };
		E310A1592BA9C7F900BF87E9 /* HarassmentView.swift */ = {isa = PBXFileReference; lastKnownFileType = sourcecode.swift; path = HarassmentView.swift; sourceTree = "<group>"; };
		E310A15B2BA9C81700BF87E9 /* RoomCleaningView.swift */ = {isa = PBXFileReference; lastKnownFileType = sourcecode.swift; path = RoomCleaningView.swift; sourceTree = "<group>"; };
		E310A15D2BAA047E00BF87E9 /* MessIssueView.swift */ = {isa = PBXFileReference; lastKnownFileType = sourcecode.swift; path = MessIssueView.swift; sourceTree = "<group>"; };
		E310A15F2BAAA29900BF87E9 /* OTPEnterView.swift */ = {isa = PBXFileReference; lastKnownFileType = sourcecode.swift; path = OTPEnterView.swift; sourceTree = "<group>"; };
		E310A16E2BAABAE400BF87E9 /* RoomCleaningViewModel.swift */ = {isa = PBXFileReference; lastKnownFileType = sourcecode.swift; path = RoomCleaningViewModel.swift; sourceTree = "<group>"; };
/* End PBXFileReference section */

/* Begin PBXFrameworksBuildPhase section */
		E310A1432BA9C36A00BF87E9 /* Frameworks */ = {
			isa = PBXFrameworksBuildPhase;
			buildActionMask = 2147483647;
			files = (
			);
			runOnlyForDeploymentPostprocessing = 0;
		};
/* End PBXFrameworksBuildPhase section */

/* Begin PBXGroup section */
		E310A13D2BA9C36A00BF87E9 = {
			isa = PBXGroup;
			children = (
				E310A1482BA9C36A00BF87E9 /* HostelBuddyUser */,
				E310A1472BA9C36A00BF87E9 /* Products */,
			);
			sourceTree = "<group>";
		};
		E310A1472BA9C36A00BF87E9 /* Products */ = {
			isa = PBXGroup;
			children = (
				E310A1462BA9C36A00BF87E9 /* HostelBuddyUser.app */,
			);
			name = Products;
			sourceTree = "<group>";
		};
		E310A1482BA9C36A00BF87E9 /* HostelBuddyUser */ = {
			isa = PBXGroup;
			children = (
				E310A1652BAAB8A200BF87E9 /* OTP */,
				E310A1642BAAB89800BF87E9 /* Harrasment */,
				E310A1632BAAB89000BF87E9 /* Complain */,
				E310A1622BAAB88A00BF87E9 /* Mess Issue */,
				E310A1612BAAB88000BF87E9 /* Room Cleaning */,
				E310A1492BA9C36A00BF87E9 /* HostelBuddyUserApp.swift */,
				E310A14B2BA9C36A00BF87E9 /* ContentView.swift */,
				E310A14D2BA9C36C00BF87E9 /* Assets.xcassets */,
				E310A14F2BA9C36C00BF87E9 /* Preview Content */,
			);
			path = HostelBuddyUser;
			sourceTree = "<group>";
		};
		E310A14F2BA9C36C00BF87E9 /* Preview Content */ = {
			isa = PBXGroup;
			children = (
				E310A1502BA9C36C00BF87E9 /* Preview Assets.xcassets */,
			);
			path = "Preview Content";
			sourceTree = "<group>";
		};
		E310A1612BAAB88000BF87E9 /* Room Cleaning */ = {
			isa = PBXGroup;
			children = (
				E310A16D2BAABA4000BF87E9 /* ViewModel */,
				E310A16C2BAABA3D00BF87E9 /* View */,
			);
			path = "Room Cleaning";
			sourceTree = "<group>";
		};
		E310A1622BAAB88A00BF87E9 /* Mess Issue */ = {
			isa = PBXGroup;
			children = (
				E310A16B2BAAB94C00BF87E9 /* ViewModel */,
				E310A16A2BAAB94600BF87E9 /* View */,
			);
			path = "Mess Issue";
			sourceTree = "<group>";
		};
		E310A1632BAAB89000BF87E9 /* Complain */ = {
			isa = PBXGroup;
			children = (
				E310A1692BAAB94000BF87E9 /* ViewModel */,
				E310A1682BAAB93C00BF87E9 /* View */,
			);
			path = Complain;
			sourceTree = "<group>";
		};
		E310A1642BAAB89800BF87E9 /* Harrasment */ = {
			isa = PBXGroup;
			children = (
				E310A1672BAAB92900BF87E9 /* ViewModel */,
				E310A1662BAAB91C00BF87E9 /* View */,
			);
			path = Harrasment;
			sourceTree = "<group>";
		};
		E310A1652BAAB8A200BF87E9 /* OTP */ = {
			isa = PBXGroup;
			children = (
				E310A15F2BAAA29900BF87E9 /* OTPEnterView.swift */,
			);
			path = OTP;
			sourceTree = "<group>";
		};
		E310A1662BAAB91C00BF87E9 /* View */ = {
			isa = PBXGroup;
			children = (
				E310A1592BA9C7F900BF87E9 /* HarassmentView.swift */,
			);
			path = View;
			sourceTree = "<group>";
		};
		E310A1672BAAB92900BF87E9 /* ViewModel */ = {
			isa = PBXGroup;
			children = (
			);
			path = ViewModel;
			sourceTree = "<group>";
		};
		E310A1682BAAB93C00BF87E9 /* View */ = {
			isa = PBXGroup;
			children = (
				E310A1572BA9C7D500BF87E9 /* ComplainView.swift */,
			);
			path = View;
			sourceTree = "<group>";
		};
		E310A1692BAAB94000BF87E9 /* ViewModel */ = {
			isa = PBXGroup;
			children = (
			);
			path = ViewModel;
			sourceTree = "<group>";
		};
		E310A16A2BAAB94600BF87E9 /* View */ = {
			isa = PBXGroup;
			children = (
				E310A15D2BAA047E00BF87E9 /* MessIssueView.swift */,
			);
			path = View;
			sourceTree = "<group>";
		};
		E310A16B2BAAB94C00BF87E9 /* ViewModel */ = {
			isa = PBXGroup;
			children = (
			);
			path = ViewModel;
			sourceTree = "<group>";
		};
		E310A16C2BAABA3D00BF87E9 /* View */ = {
			isa = PBXGroup;
			children = (
				E310A15B2BA9C81700BF87E9 /* RoomCleaningView.swift */,
			);
			path = View;
			sourceTree = "<group>";
		};
		E310A16D2BAABA4000BF87E9 /* ViewModel */ = {
			isa = PBXGroup;
			children = (
				E310A16E2BAABAE400BF87E9 /* RoomCleaningViewModel.swift */,
			);
			path = ViewModel;
			sourceTree = "<group>";
		};
/* End PBXGroup section */

/* Begin PBXNativeTarget section */
		E310A1452BA9C36A00BF87E9 /* HostelBuddyUser */ = {
			isa = PBXNativeTarget;
			buildConfigurationList = E310A1542BA9C36C00BF87E9 /* Build configuration list for PBXNativeTarget "HostelBuddyUser" */;
			buildPhases = (
				E310A1422BA9C36A00BF87E9 /* Sources */,
				E310A1432BA9C36A00BF87E9 /* Frameworks */,
				E310A1442BA9C36A00BF87E9 /* Resources */,
			);
			buildRules = (
			);
			dependencies = (
			);
			name = HostelBuddyUser;
			productName = HostelBuddyUser;
			productReference = E310A1462BA9C36A00BF87E9 /* HostelBuddyUser.app */;
			productType = "com.apple.product-type.application";
		};
/* End PBXNativeTarget section */

/* Begin PBXProject section */
		E310A13E2BA9C36A00BF87E9 /* Project object */ = {
			isa = PBXProject;
			attributes = {
				BuildIndependentTargetsInParallel = 1;
				LastSwiftUpdateCheck = 1520;
				LastUpgradeCheck = 1520;
				TargetAttributes = {
					E310A1452BA9C36A00BF87E9 = {
						CreatedOnToolsVersion = 15.2;
					};
				};
			};
			buildConfigurationList = E310A1412BA9C36A00BF87E9 /* Build configuration list for PBXProject "HostelBuddyUser" */;
			compatibilityVersion = "Xcode 14.0";
			developmentRegion = en;
			hasScannedForEncodings = 0;
			knownRegions = (
				en,
				Base,
			);
			mainGroup = E310A13D2BA9C36A00BF87E9;
			productRefGroup = E310A1472BA9C36A00BF87E9 /* Products */;
			projectDirPath = "";
			projectRoot = "";
			targets = (
				E310A1452BA9C36A00BF87E9 /* HostelBuddyUser */,
			);
		};
/* End PBXProject section */

/* Begin PBXResourcesBuildPhase section */
		E310A1442BA9C36A00BF87E9 /* Resources */ = {
			isa = PBXResourcesBuildPhase;
			buildActionMask = 2147483647;
			files = (
				E310A1512BA9C36C00BF87E9 /* Preview Assets.xcassets in Resources */,
				E310A14E2BA9C36C00BF87E9 /* Assets.xcassets in Resources */,
			);
			runOnlyForDeploymentPostprocessing = 0;
		};
/* End PBXResourcesBuildPhase section */

/* Begin PBXSourcesBuildPhase section */
		E310A1422BA9C36A00BF87E9 /* Sources */ = {
			isa = PBXSourcesBuildPhase;
			buildActionMask = 2147483647;
			files = (
				E310A16F2BAABAE400BF87E9 /* RoomCleaningViewModel.swift in Sources */,
				E310A1602BAAA29900BF87E9 /* OTPEnterView.swift in Sources */,
				E310A15A2BA9C7F900BF87E9 /* HarassmentView.swift in Sources */,
				E310A15C2BA9C81700BF87E9 /* RoomCleaningView.swift in Sources */,
				E310A15E2BAA047E00BF87E9 /* MessIssueView.swift in Sources */,
				E310A1582BA9C7D500BF87E9 /* ComplainView.swift in Sources */,
				E310A14C2BA9C36A00BF87E9 /* ContentView.swift in Sources */,
				E310A14A2BA9C36A00BF87E9 /* HostelBuddyUserApp.swift in Sources */,
			);
			runOnlyForDeploymentPostprocessing = 0;
		};
/* End PBXSourcesBuildPhase section */

/* Begin XCBuildConfiguration section */
		E310A1522BA9C36C00BF87E9 /* Debug */ = {
			isa = XCBuildConfiguration;
			buildSettings = {
				ALWAYS_SEARCH_USER_PATHS = NO;
				ASSETCATALOG_COMPILER_GENERATE_SWIFT_ASSET_SYMBOL_EXTENSIONS = YES;
				CLANG_ANALYZER_NONNULL = YES;
				CLANG_ANALYZER_NUMBER_OBJECT_CONVERSION = YES_AGGRESSIVE;
				CLANG_CXX_LANGUAGE_STANDARD = "gnu++20";
				CLANG_ENABLE_MODULES = YES;
				CLANG_ENABLE_OBJC_ARC = YES;
				CLANG_ENABLE_OBJC_WEAK = YES;
				CLANG_WARN_BLOCK_CAPTURE_AUTORELEASING = YES;
				CLANG_WARN_BOOL_CONVERSION = YES;
				CLANG_WARN_COMMA = YES;
				CLANG_WARN_CONSTANT_CONVERSION = YES;
				CLANG_WARN_DEPRECATED_OBJC_IMPLEMENTATIONS = YES;
				CLANG_WARN_DIRECT_OBJC_ISA_USAGE = YES_ERROR;
				CLANG_WARN_DOCUMENTATION_COMMENTS = YES;
				CLANG_WARN_EMPTY_BODY = YES;
				CLANG_WARN_ENUM_CONVERSION = YES;
				CLANG_WARN_INFINITE_RECURSION = YES;
				CLANG_WARN_INT_CONVERSION = YES;
				CLANG_WARN_NON_LITERAL_NULL_CONVERSION = YES;
				CLANG_WARN_OBJC_IMPLICIT_RETAIN_SELF = YES;
				CLANG_WARN_OBJC_LITERAL_CONVERSION = YES;
				CLANG_WARN_OBJC_ROOT_CLASS = YES_ERROR;
				CLANG_WARN_QUOTED_INCLUDE_IN_FRAMEWORK_HEADER = YES;
				CLANG_WARN_RANGE_LOOP_ANALYSIS = YES;
				CLANG_WARN_STRICT_PROTOTYPES = YES;
				CLANG_WARN_SUSPICIOUS_MOVE = YES;
				CLANG_WARN_UNGUARDED_AVAILABILITY = YES_AGGRESSIVE;
				CLANG_WARN_UNREACHABLE_CODE = YES;
				CLANG_WARN__DUPLICATE_METHOD_MATCH = YES;
				COPY_PHASE_STRIP = NO;
				DEBUG_INFORMATION_FORMAT = dwarf;
				ENABLE_STRICT_OBJC_MSGSEND = YES;
				ENABLE_TESTABILITY = YES;
				ENABLE_USER_SCRIPT_SANDBOXING = YES;
				GCC_C_LANGUAGE_STANDARD = gnu17;
				GCC_DYNAMIC_NO_PIC = NO;
				GCC_NO_COMMON_BLOCKS = YES;
				GCC_OPTIMIZATION_LEVEL = 0;
				GCC_PREPROCESSOR_DEFINITIONS = (
					"DEBUG=1",
					"$(inherited)",
				);
				GCC_WARN_64_TO_32_BIT_CONVERSION = YES;
				GCC_WARN_ABOUT_RETURN_TYPE = YES_ERROR;
				GCC_WARN_UNDECLARED_SELECTOR = YES;
				GCC_WARN_UNINITIALIZED_AUTOS = YES_AGGRESSIVE;
				GCC_WARN_UNUSED_FUNCTION = YES;
				GCC_WARN_UNUSED_VARIABLE = YES;
				IPHONEOS_DEPLOYMENT_TARGET = 17.2;
				LOCALIZATION_PREFERS_STRING_CATALOGS = YES;
				MTL_ENABLE_DEBUG_INFO = INCLUDE_SOURCE;
				MTL_FAST_MATH = YES;
				ONLY_ACTIVE_ARCH = YES;
				SDKROOT = iphoneos;
				SWIFT_ACTIVE_COMPILATION_CONDITIONS = "DEBUG $(inherited)";
				SWIFT_OPTIMIZATION_LEVEL = "-Onone";
			};
			name = Debug;
		};
		E310A1532BA9C36C00BF87E9 /* Release */ = {
			isa = XCBuildConfiguration;
			buildSettings = {
				ALWAYS_SEARCH_USER_PATHS = NO;
				ASSETCATALOG_COMPILER_GENERATE_SWIFT_ASSET_SYMBOL_EXTENSIONS = YES;
				CLANG_ANALYZER_NONNULL = YES;
				CLANG_ANALYZER_NUMBER_OBJECT_CONVERSION = YES_AGGRESSIVE;
				CLANG_CXX_LANGUAGE_STANDARD = "gnu++20";
				CLANG_ENABLE_MODULES = YES;
				CLANG_ENABLE_OBJC_ARC = YES;
				CLANG_ENABLE_OBJC_WEAK = YES;
				CLANG_WARN_BLOCK_CAPTURE_AUTORELEASING = YES;
				CLANG_WARN_BOOL_CONVERSION = YES;
				CLANG_WARN_COMMA = YES;
				CLANG_WARN_CONSTANT_CONVERSION = YES;
				CLANG_WARN_DEPRECATED_OBJC_IMPLEMENTATIONS = YES;
				CLANG_WARN_DIRECT_OBJC_ISA_USAGE = YES_ERROR;
				CLANG_WARN_DOCUMENTATION_COMMENTS = YES;
				CLANG_WARN_EMPTY_BODY = YES;
				CLANG_WARN_ENUM_CONVERSION = YES;
				CLANG_WARN_INFINITE_RECURSION = YES;
				CLANG_WARN_INT_CONVERSION = YES;
				CLANG_WARN_NON_LITERAL_NULL_CONVERSION = YES;
				CLANG_WARN_OBJC_IMPLICIT_RETAIN_SELF = YES;
				CLANG_WARN_OBJC_LITERAL_CONVERSION = YES;
				CLANG_WARN_OBJC_ROOT_CLASS = YES_ERROR;
				CLANG_WARN_QUOTED_INCLUDE_IN_FRAMEWORK_HEADER = YES;
				CLANG_WARN_RANGE_LOOP_ANALYSIS = YES;
				CLANG_WARN_STRICT_PROTOTYPES = YES;
				CLANG_WARN_SUSPICIOUS_MOVE = YES;
				CLANG_WARN_UNGUARDED_AVAILABILITY = YES_AGGRESSIVE;
				CLANG_WARN_UNREACHABLE_CODE = YES;
				CLANG_WARN__DUPLICATE_METHOD_MATCH = YES;
				COPY_PHASE_STRIP = NO;
				DEBUG_INFORMATION_FORMAT = "dwarf-with-dsym";
				ENABLE_NS_ASSERTIONS = NO;
				ENABLE_STRICT_OBJC_MSGSEND = YES;
				ENABLE_USER_SCRIPT_SANDBOXING = YES;
				GCC_C_LANGUAGE_STANDARD = gnu17;
				GCC_NO_COMMON_BLOCKS = YES;
				GCC_WARN_64_TO_32_BIT_CONVERSION = YES;
				GCC_WARN_ABOUT_RETURN_TYPE = YES_ERROR;
				GCC_WARN_UNDECLARED_SELECTOR = YES;
				GCC_WARN_UNINITIALIZED_AUTOS = YES_AGGRESSIVE;
				GCC_WARN_UNUSED_FUNCTION = YES;
				GCC_WARN_UNUSED_VARIABLE = YES;
				IPHONEOS_DEPLOYMENT_TARGET = 17.2;
				LOCALIZATION_PREFERS_STRING_CATALOGS = YES;
				MTL_ENABLE_DEBUG_INFO = NO;
				MTL_FAST_MATH = YES;
				SDKROOT = iphoneos;
				SWIFT_COMPILATION_MODE = wholemodule;
				VALIDATE_PRODUCT = YES;
			};
			name = Release;
		};
		E310A1552BA9C36C00BF87E9 /* Debug */ = {
			isa = XCBuildConfiguration;
			buildSettings = {
				ASSETCATALOG_COMPILER_APPICON_NAME = AppIcon;
				ASSETCATALOG_COMPILER_GLOBAL_ACCENT_COLOR_NAME = AccentColor;
				CODE_SIGN_STYLE = Automatic;
				CURRENT_PROJECT_VERSION = 1;
				DEVELOPMENT_ASSET_PATHS = "\"HostelBuddyUser/Preview Content\"";
				DEVELOPMENT_TEAM = MMZ4M2Z9GS;
				ENABLE_PREVIEWS = YES;
				GENERATE_INFOPLIST_FILE = YES;
				INFOPLIST_KEY_UIApplicationSceneManifest_Generation = YES;
				INFOPLIST_KEY_UIApplicationSupportsIndirectInputEvents = YES;
				INFOPLIST_KEY_UILaunchScreen_Generation = YES;
				INFOPLIST_KEY_UISupportedInterfaceOrientations_iPad = "UIInterfaceOrientationPortrait UIInterfaceOrientationPortraitUpsideDown UIInterfaceOrientationLandscapeLeft UIInterfaceOrientationLandscapeRight";
				INFOPLIST_KEY_UISupportedInterfaceOrientations_iPhone = "UIInterfaceOrientationPortrait UIInterfaceOrientationLandscapeLeft UIInterfaceOrientationLandscapeRight";
				LD_RUNPATH_SEARCH_PATHS = (
					"$(inherited)",
					"@executable_path/Frameworks",
				);
				MARKETING_VERSION = 1.0;
				PRODUCT_BUNDLE_IDENTIFIER = com.code4change.HostelBuddyUser;
				PRODUCT_NAME = "$(TARGET_NAME)";
				SWIFT_EMIT_LOC_STRINGS = YES;
				SWIFT_VERSION = 5.0;
				TARGETED_DEVICE_FAMILY = "1,2";
			};
			name = Debug;
		};
		E310A1562BA9C36C00BF87E9 /* Release */ = {
			isa = XCBuildConfiguration;
			buildSettings = {
				ASSETCATALOG_COMPILER_APPICON_NAME = AppIcon;
				ASSETCATALOG_COMPILER_GLOBAL_ACCENT_COLOR_NAME = AccentColor;
				CODE_SIGN_STYLE = Automatic;
				CURRENT_PROJECT_VERSION = 1;
				DEVELOPMENT_ASSET_PATHS = "\"HostelBuddyUser/Preview Content\"";
				DEVELOPMENT_TEAM = MMZ4M2Z9GS;
				ENABLE_PREVIEWS = YES;
				GENERATE_INFOPLIST_FILE = YES;
				INFOPLIST_KEY_UIApplicationSceneManifest_Generation = YES;
				INFOPLIST_KEY_UIApplicationSupportsIndirectInputEvents = YES;
				INFOPLIST_KEY_UILaunchScreen_Generation = YES;
				INFOPLIST_KEY_UISupportedInterfaceOrientations_iPad = "UIInterfaceOrientationPortrait UIInterfaceOrientationPortraitUpsideDown UIInterfaceOrientationLandscapeLeft UIInterfaceOrientationLandscapeRight";
				INFOPLIST_KEY_UISupportedInterfaceOrientations_iPhone = "UIInterfaceOrientationPortrait UIInterfaceOrientationLandscapeLeft UIInterfaceOrientationLandscapeRight";
				LD_RUNPATH_SEARCH_PATHS = (
					"$(inherited)",
					"@executable_path/Frameworks",
				);
				MARKETING_VERSION = 1.0;
				PRODUCT_BUNDLE_IDENTIFIER = com.code4change.HostelBuddyUser;
				PRODUCT_NAME = "$(TARGET_NAME)";
				SWIFT_EMIT_LOC_STRINGS = YES;
				SWIFT_VERSION = 5.0;
				TARGETED_DEVICE_FAMILY = "1,2";
			};
			name = Release;
		};
/* End XCBuildConfiguration section */

/* Begin XCConfigurationList section */
		E310A1412BA9C36A00BF87E9 /* Build configuration list for PBXProject "HostelBuddyUser" */ = {
			isa = XCConfigurationList;
			buildConfigurations = (
				E310A1522BA9C36C00BF87E9 /* Debug */,
				E310A1532BA9C36C00BF87E9 /* Release */,
			);
			defaultConfigurationIsVisible = 0;
			defaultConfigurationName = Release;
		};
		E310A1542BA9C36C00BF87E9 /* Build configuration list for PBXNativeTarget "HostelBuddyUser" */ = {
			isa = XCConfigurationList;
			buildConfigurations = (
				E310A1552BA9C36C00BF87E9 /* Debug */,
				E310A1562BA9C36C00BF87E9 /* Release */,
			);
			defaultConfigurationIsVisible = 0;
			defaultConfigurationName = Release;
		};
/* End XCConfigurationList section */
	};
	rootObject = E310A13E2BA9C36A00BF87E9 /* Project object */;
}
